
Microsoft Visual Studio Solution File, Format Version 12.00
# Visual Studio Version 17
VisualStudioVersion = 17.5.002.0
MinimumVisualStudioVersion = 10.0.40219.1
Project("{9A19103F-16F7-4668-BE54-9A1E7A4F7556}") = "lsh", "lsh.csproj", "{41250B83-13F5-4F0F-BFC3-E7E6A060A11E}"
EndProject
Project("{FAE04EC0-301F-11D3-BF4B-00C04F79EFBC}") = "tests", "..\tests\tests.csproj", "{F06B6894-4B7D-48B9-ABDD-DE59EDE4D803}"
EndProject
Global
	GlobalSection(SolutionConfigurationPlatforms) = preSolution
		Debug|Any CPU = Debug|Any CPU
		Release|Any CPU = Release|Any CPU
	EndGlobalSection
	GlobalSection(ProjectConfigurationPlatforms) = postSolution
		{41250B83-13F5-4F0F-BFC3-E7E6A060A11E}.Debug|Any CPU.ActiveCfg = Debug|Any CPU
		{41250B83-13F5-4F0F-BFC3-E7E6A060A11E}.Debug|Any CPU.Build.0 = Debug|Any CPU
		{41250B83-13F5-4F0F-BFC3-E7E6A060A11E}.Release|Any CPU.ActiveCfg = Release|Any CPU
		{41250B83-13F5-4F0F-BFC3-E7E6A060A11E}.Release|Any CPU.Build.0 = Release|Any CPU
		{F06B6894-4B7D-48B9-ABDD-DE59EDE4D803}.Debug|Any CPU.ActiveCfg = Debug|Any CPU
		{F06B6894-4B7D-48B9-ABDD-DE59EDE4D803}.Debug|Any CPU.Build.0 = Debug|Any CPU
		{F06B6894-4B7D-48B9-ABDD-DE59EDE4D803}.Release|Any CPU.ActiveCfg = Release|Any CPU
		{F06B6894-4B7D-48B9-ABDD-DE59EDE4D803}.Release|Any CPU.Build.0 = Release|Any CPU
	EndGlobalSection
	GlobalSection(SolutionProperties) = preSolution
		HideSolutionNode = FALSE
	EndGlobalSection
	GlobalSection(ExtensibilityGlobals) = postSolution
		SolutionGuid = {96923624-DF5F-488E-9916-CD163770C3E9}
	EndGlobalSection
EndGlobal
